
Microsoft Visual Studio Solution File, Format Version 12.00
# Visual Studio Version 17
VisualStudioVersion = 17.7.34031.279
MinimumVisualStudioVersion = 10.0.40219.1
Project("{8BC9CEB8-8B4A-11D0-8D11-00A0C91BC942}") = "35. Чтение и вывод таблицы", "35. Чтение и вывод таблицы.vcxproj", "{EFBE25EF-0D39-4DD4-ADF4-773746A343EC}"
EndProject
Global
	GlobalSection(SolutionConfigurationPlatforms) = preSolution
		Debug|x64 = Debug|x64
		Debug|x86 = Debug|x86
		Release|x64 = Release|x64
		Release|x86 = Release|x86
	EndGlobalSection
	GlobalSection(ProjectConfigurationPlatforms) = postSolution
		{EFBE25EF-0D39-4DD4-ADF4-773746A343EC}.Debug|x64.ActiveCfg = Debug|x64
		{EFBE25EF-0D39-4DD4-ADF4-773746A343EC}.Debug|x64.Build.0 = Debug|x64
		{EFBE25EF-0D39-4DD4-ADF4-773746A343EC}.Debug|x86.ActiveCfg = Debug|Win32
		{EFBE25EF-0D39-4DD4-ADF4-773746A343EC}.Debug|x86.Build.0 = Debug|Win32
		{EFBE25EF-0D39-4DD4-ADF4-773746A343EC}.Release|x64.ActiveCfg = Release|x64
		{EFBE25EF-0D39-4DD4-ADF4-773746A343EC}.Release|x64.Build.0 = Release|x64
		{EFBE25EF-0D39-4DD4-ADF4-773746A343EC}.Release|x86.ActiveCfg = Release|Win32
		{EFBE25EF-0D39-4DD4-ADF4-773746A343EC}.Release|x86.Build.0 = Release|Win32
	EndGlobalSection
	GlobalSection(SolutionProperties) = preSolution
		HideSolutionNode = FALSE
	EndGlobalSection
	GlobalSection(ExtensibilityGlobals) = postSolution
		SolutionGuid = {01BB2634-8BB1-47A4-9A0B-B3384F1863A1}
	EndGlobalSection
EndGlobal
