
Microsoft Visual Studio Solution File, Format Version 12.00
# Visual Studio Version 17
VisualStudioVersion = 17.7.34031.279
MinimumVisualStudioVersion = 10.0.40219.1
Project("{8BC9CEB8-8B4A-11D0-8D11-00A0C91BC942}") = "39. Калькулятор обыкновенных дробей", "39. Калькулятор обыкновенных дробей.vcxproj", "{6DEE47B6-061A-47E7-A360-0A64BBFCDA0D}"
EndProject
Global
	GlobalSection(SolutionConfigurationPlatforms) = preSolution
		Debug|x64 = Debug|x64
		Debug|x86 = Debug|x86
		Release|x64 = Release|x64
		Release|x86 = Release|x86
	EndGlobalSection
	GlobalSection(ProjectConfigurationPlatforms) = postSolution
		{6DEE47B6-061A-47E7-A360-0A64BBFCDA0D}.Debug|x64.ActiveCfg = Debug|x64
		{6DEE47B6-061A-47E7-A360-0A64BBFCDA0D}.Debug|x64.Build.0 = Debug|x64
		{6DEE47B6-061A-47E7-A360-0A64BBFCDA0D}.Debug|x86.ActiveCfg = Debug|Win32
		{6DEE47B6-061A-47E7-A360-0A64BBFCDA0D}.Debug|x86.Build.0 = Debug|Win32
		{6DEE47B6-061A-47E7-A360-0A64BBFCDA0D}.Release|x64.ActiveCfg = Release|x64
		{6DEE47B6-061A-47E7-A360-0A64BBFCDA0D}.Release|x64.Build.0 = Release|x64
		{6DEE47B6-061A-47E7-A360-0A64BBFCDA0D}.Release|x86.ActiveCfg = Release|Win32
		{6DEE47B6-061A-47E7-A360-0A64BBFCDA0D}.Release|x86.Build.0 = Release|Win32
	EndGlobalSection
	GlobalSection(SolutionProperties) = preSolution
		HideSolutionNode = FALSE
	EndGlobalSection
	GlobalSection(ExtensibilityGlobals) = postSolution
		SolutionGuid = {0E3FBABE-FD33-4D65-A814-0128AA867C98}
	EndGlobalSection
EndGlobal
